
Microsoft Visual Studio Solution File, Format Version 12.00
# Visual Studio Version 17
VisualStudioVersion = 17.0.31903.59
MinimumVisualStudioVersion = 10.0.40219.1
Project("{2150E333-8FDC-42A3-9474-1A3956D46DE8}") = "SM-Post", "SM-Post", "{872F4AC9-C5A1-4C1D-A14C-FA72E8D60AD4}"
EndProject
Project("{2150E333-8FDC-42A3-9474-1A3956D46DE8}") = "Post.Cmd", "Post.Cmd", "{C4BA710C-7BBB-4169-A9C7-FFD06F8FDB2E}"
EndProject
Project("{FAE04EC0-301F-11D3-BF4B-00C04F79EFBC}") = "Post.Cmd.Api", "SM-Post\Post.Cmd\Post.Cmd.Api\Post.Cmd.Api.csproj", "{A2FAC911-5497-4EED-9962-11FAB6ACC82B}"
EndProject
Project("{FAE04EC0-301F-11D3-BF4B-00C04F79EFBC}") = "Post.Cmd.Domain", "SM-Post\Post.Cmd\Post.Cmd.Domain\Post.Cmd.Domain.csproj", "{611F2181-FFC4-4FE0-AEC9-2D2E8A3153EC}"
EndProject
Project("{FAE04EC0-301F-11D3-BF4B-00C04F79EFBC}") = "Post.Cmd.Infrastructure", "SM-Post\Post.Cmd\Post.Cmd.Infrastructure\Post.Cmd.Infrastructure.csproj", "{81BC4EFE-FB2F-4D9D-8431-E8F17180271A}"
EndProject
Project("{2150E333-8FDC-42A3-9474-1A3956D46DE8}") = "Post.Query", "Post.Query", "{805B8576-BC71-4817-9394-23E78F6A8B0A}"
EndProject
Project("{FAE04EC0-301F-11D3-BF4B-00C04F79EFBC}") = "Post.Query.Api", "SM-Post\Post.Query\Post.Query.Api\Post.Query.Api.csproj", "{293F0804-8A9B-417E-B270-B2B4AFDD43AD}"
EndProject
Project("{FAE04EC0-301F-11D3-BF4B-00C04F79EFBC}") = "Post.Query.Domain", "SM-Post\Post.Query\Post.Query.Domain\Post.Query.Domain.csproj", "{C3EB6DA9-2014-4591-8E4C-1FF5D870EF51}"
EndProject
Project("{FAE04EC0-301F-11D3-BF4B-00C04F79EFBC}") = "Post.Query.Infrastructure", "SM-Post\Post.Query\Post.Query.Infrastructure\Post.Query.Infrastructure.csproj", "{45FFB385-E3D3-49E6-8B2E-673B3C79CEE4}"
EndProject
Project("{2150E333-8FDC-42A3-9474-1A3956D46DE8}") = "CQRS-ES", "CQRS-ES", "{58C2C4AA-CF2D-44ED-B4D6-E3D38E83E681}"
EndProject
Project("{FAE04EC0-301F-11D3-BF4B-00C04F79EFBC}") = "CQRS.Core", "CQRS-ES\CQRS.Core\CQRS.Core.csproj", "{FADB1A3F-8988-4147-9E88-87F43F7E2289}"
EndProject
Project("{FAE04EC0-301F-11D3-BF4B-00C04F79EFBC}") = "Post.Common", "SM-Post\Post.Common\Post.Common.csproj", "{45169ACE-FFF0-4AA9-8538-859DBF881413}"
EndProject
Global
	GlobalSection(SolutionConfigurationPlatforms) = preSolution
		Debug|Any CPU = Debug|Any CPU
		Release|Any CPU = Release|Any CPU
	EndGlobalSection
	GlobalSection(SolutionProperties) = preSolution
		HideSolutionNode = FALSE
	EndGlobalSection
	GlobalSection(ProjectConfigurationPlatforms) = postSolution
		{A2FAC911-5497-4EED-9962-11FAB6ACC82B}.Debug|Any CPU.ActiveCfg = Debug|Any CPU
		{A2FAC911-5497-4EED-9962-11FAB6ACC82B}.Debug|Any CPU.Build.0 = Debug|Any CPU
		{A2FAC911-5497-4EED-9962-11FAB6ACC82B}.Release|Any CPU.ActiveCfg = Release|Any CPU
		{A2FAC911-5497-4EED-9962-11FAB6ACC82B}.Release|Any CPU.Build.0 = Release|Any CPU
		{611F2181-FFC4-4FE0-AEC9-2D2E8A3153EC}.Debug|Any CPU.ActiveCfg = Debug|Any CPU
		{611F2181-FFC4-4FE0-AEC9-2D2E8A3153EC}.Debug|Any CPU.Build.0 = Debug|Any CPU
		{611F2181-FFC4-4FE0-AEC9-2D2E8A3153EC}.Release|Any CPU.ActiveCfg = Release|Any CPU
		{611F2181-FFC4-4FE0-AEC9-2D2E8A3153EC}.Release|Any CPU.Build.0 = Release|Any CPU
		{81BC4EFE-FB2F-4D9D-8431-E8F17180271A}.Debug|Any CPU.ActiveCfg = Debug|Any CPU
		{81BC4EFE-FB2F-4D9D-8431-E8F17180271A}.Debug|Any CPU.Build.0 = Debug|Any CPU
		{81BC4EFE-FB2F-4D9D-8431-E8F17180271A}.Release|Any CPU.ActiveCfg = Release|Any CPU
		{81BC4EFE-FB2F-4D9D-8431-E8F17180271A}.Release|Any CPU.Build.0 = Release|Any CPU
		{293F0804-8A9B-417E-B270-B2B4AFDD43AD}.Debug|Any CPU.ActiveCfg = Debug|Any CPU
		{293F0804-8A9B-417E-B270-B2B4AFDD43AD}.Debug|Any CPU.Build.0 = Debug|Any CPU
		{293F0804-8A9B-417E-B270-B2B4AFDD43AD}.Release|Any CPU.ActiveCfg = Release|Any CPU
		{293F0804-8A9B-417E-B270-B2B4AFDD43AD}.Release|Any CPU.Build.0 = Release|Any CPU
		{C3EB6DA9-2014-4591-8E4C-1FF5D870EF51}.Debug|Any CPU.ActiveCfg = Debug|Any CPU
		{C3EB6DA9-2014-4591-8E4C-1FF5D870EF51}.Debug|Any CPU.Build.0 = Debug|Any CPU
		{C3EB6DA9-2014-4591-8E4C-1FF5D870EF51}.Release|Any CPU.ActiveCfg = Release|Any CPU
		{C3EB6DA9-2014-4591-8E4C-1FF5D870EF51}.Release|Any CPU.Build.0 = Release|Any CPU
		{45FFB385-E3D3-49E6-8B2E-673B3C79CEE4}.Debug|Any CPU.ActiveCfg = Debug|Any CPU
		{45FFB385-E3D3-49E6-8B2E-673B3C79CEE4}.Debug|Any CPU.Build.0 = Debug|Any CPU
		{45FFB385-E3D3-49E6-8B2E-673B3C79CEE4}.Release|Any CPU.ActiveCfg = Release|Any CPU
		{45FFB385-E3D3-49E6-8B2E-673B3C79CEE4}.Release|Any CPU.Build.0 = Release|Any CPU
		{FADB1A3F-8988-4147-9E88-87F43F7E2289}.Debug|Any CPU.ActiveCfg = Debug|Any CPU
		{FADB1A3F-8988-4147-9E88-87F43F7E2289}.Debug|Any CPU.Build.0 = Debug|Any CPU
		{FADB1A3F-8988-4147-9E88-87F43F7E2289}.Release|Any CPU.ActiveCfg = Release|Any CPU
		{FADB1A3F-8988-4147-9E88-87F43F7E2289}.Release|Any CPU.Build.0 = Release|Any CPU
		{45169ACE-FFF0-4AA9-8538-859DBF881413}.Debug|Any CPU.ActiveCfg = Debug|Any CPU
		{45169ACE-FFF0-4AA9-8538-859DBF881413}.Debug|Any CPU.Build.0 = Debug|Any CPU
		{45169ACE-FFF0-4AA9-8538-859DBF881413}.Release|Any CPU.ActiveCfg = Release|Any CPU
		{45169ACE-FFF0-4AA9-8538-859DBF881413}.Release|Any CPU.Build.0 = Release|Any CPU
	EndGlobalSection
	GlobalSection(NestedProjects) = preSolution
		{C4BA710C-7BBB-4169-A9C7-FFD06F8FDB2E} = {872F4AC9-C5A1-4C1D-A14C-FA72E8D60AD4}
		{A2FAC911-5497-4EED-9962-11FAB6ACC82B} = {C4BA710C-7BBB-4169-A9C7-FFD06F8FDB2E}
		{611F2181-FFC4-4FE0-AEC9-2D2E8A3153EC} = {C4BA710C-7BBB-4169-A9C7-FFD06F8FDB2E}
		{81BC4EFE-FB2F-4D9D-8431-E8F17180271A} = {C4BA710C-7BBB-4169-A9C7-FFD06F8FDB2E}
		{805B8576-BC71-4817-9394-23E78F6A8B0A} = {872F4AC9-C5A1-4C1D-A14C-FA72E8D60AD4}
		{293F0804-8A9B-417E-B270-B2B4AFDD43AD} = {805B8576-BC71-4817-9394-23E78F6A8B0A}
		{C3EB6DA9-2014-4591-8E4C-1FF5D870EF51} = {805B8576-BC71-4817-9394-23E78F6A8B0A}
		{45FFB385-E3D3-49E6-8B2E-673B3C79CEE4} = {805B8576-BC71-4817-9394-23E78F6A8B0A}
		{FADB1A3F-8988-4147-9E88-87F43F7E2289} = {58C2C4AA-CF2D-44ED-B4D6-E3D38E83E681}
		{45169ACE-FFF0-4AA9-8538-859DBF881413} = {872F4AC9-C5A1-4C1D-A14C-FA72E8D60AD4}
	EndGlobalSection
EndGlobal
